{
  "name": "nodejs",
  "version": "1.0.0",
  "lockfileVersion": 1,
  "requires": true,
  "dependencies": {
    "@types/events": {
      "version": "3.0.0",
      "resolved": "https://registry.npmjs.org/@types/events/-/events-3.0.0.tgz",
      "integrity": "sha512-EaObqwIvayI5a8dCzhFrjKzVwKLxjoG9T6Ppd5CEo07LRKfQ8Yokw54r5+Wq7FaBQ+yXRvQAYPrHwya1/UFt9g=="
    },
    "@types/node": {
      "version": "14.0.11",
      "resolved": "https://registry.npmjs.org/@types/node/-/node-14.0.11.tgz",
      "integrity": "sha512-lCvvI24L21ZVeIiyIUHZ5Oflv1hhHQ5E1S25IRlKIXaRkVgmXpJMI3wUJkmym2bTbCe+WoIibQnMVAU3FguaOg=="
    },
    "@types/ws": {
      "version": "7.2.5",
      "resolved": "https://registry.npmjs.org/@types/ws/-/ws-7.2.5.tgz",
      "integrity": "sha512-4UEih9BI1nBKii385G9id1oFrSkLcClbwtDfcYj8HJLQqZVAtb/42vXVrYvRWCcufNF/a+rZD3MxNwghA7UmCg==",
      "requires": {
        "@types/node": "*"
      }
    },
    "rayconnect-client": {
      "version": "0.9.1",
      "resolved": "https://registry.npmjs.org/rayconnect-client/-/rayconnect-client-0.9.1.tgz",
      "integrity": "sha512-WiBfw+Cw9oGDPh2g8zUQuq1B9P9cz9wIpn7ZOUazFXniLIFemyAVHvy49Z3vt3PhPvaVenobT5egDWfWAmU2vQ==",
      "requires": {
        "@types/events": "^3.0.0",
        "@types/ws": "^7.2.2",
        "reconnecting-websocket": "^4.4.0",
        "ws": "^7.2.1"
      }
    },
    "reconnecting-websocket": {
      "version": "4.4.0",
      "resolved": "https://registry.npmjs.org/reconnecting-websocket/-/reconnecting-websocket-4.4.0.tgz",
      "integrity": "sha512-D2E33ceRPga0NvTDhJmphEgJ7FUYF0v4lr1ki0csq06OdlxKfugGzN0dSkxM/NfqCxYELK4KcaTOUOjTV6Dcng=="
    },
    "ws": {
      "version": "7.3.0",
      "resolved": "https://registry.npmjs.org/ws/-/ws-7.3.0.tgz",
      "integrity": "sha512-iFtXzngZVXPGgpTlP1rBqsUK82p9tKqsWRPg5L56egiljujJT3vGAYnHANvFxBieXrTFavhzhxW52jnaWV+w2w=="
    }
  }
}
